
Microsoft Visual Studio Solution File, Format Version 12.00
# Visual Studio Version 17
VisualStudioVersion = 17.10.35013.160
MinimumVisualStudioVersion = 10.0.40219.1
Project("{FAE04EC0-301F-11D3-BF4B-00C04F79EFBC}") = "DeepCloneApp", "DeepCloneApp\DeepCloneApp.csproj", "{C3BAF5A2-6AAD-4D2C-AB09-5FA6EF66C803}"
EndProject
Global
	GlobalSection(SolutionConfigurationPlatforms) = preSolution
		Debug|Any CPU = Debug|Any CPU
		Release|Any CPU = Release|Any CPU
	EndGlobalSection
	GlobalSection(ProjectConfigurationPlatforms) = postSolution
		{C3BAF5A2-6AAD-4D2C-AB09-5FA6EF66C803}.Debug|Any CPU.ActiveCfg = Debug|Any CPU
		{C3BAF5A2-6AAD-4D2C-AB09-5FA6EF66C803}.Debug|Any CPU.Build.0 = Debug|Any CPU
		{C3BAF5A2-6AAD-4D2C-AB09-5FA6EF66C803}.Release|Any CPU.ActiveCfg = Release|Any CPU
		{C3BAF5A2-6AAD-4D2C-AB09-5FA6EF66C803}.Release|Any CPU.Build.0 = Release|Any CPU
	EndGlobalSection
	GlobalSection(SolutionProperties) = preSolution
		HideSolutionNode = FALSE
	EndGlobalSection
	GlobalSection(ExtensibilityGlobals) = postSolution
		SolutionGuid = {51A03C76-C349-49CD-A3EF-B7D59702EF78}
	EndGlobalSection
EndGlobal
