
Microsoft Visual Studio Solution File, Format Version 12.00
# Visual Studio Version 17
VisualStudioVersion = 17.10.35013.160
MinimumVisualStudioVersion = 10.0.40219.1
Project("{FAE04EC0-301F-11D3-BF4B-00C04F79EFBC}") = "AssignmentNo4.2Array", "AssignmentNo4.2Array\AssignmentNo4.2Array.csproj", "{EC8A79BC-32F6-4ED1-A46A-B9176E9899F0}"
EndProject
Global
	GlobalSection(SolutionConfigurationPlatforms) = preSolution
		Debug|Any CPU = Debug|Any CPU
		Release|Any CPU = Release|Any CPU
	EndGlobalSection
	GlobalSection(ProjectConfigurationPlatforms) = postSolution
		{EC8A79BC-32F6-4ED1-A46A-B9176E9899F0}.Debug|Any CPU.ActiveCfg = Debug|Any CPU
		{EC8A79BC-32F6-4ED1-A46A-B9176E9899F0}.Debug|Any CPU.Build.0 = Debug|Any CPU
		{EC8A79BC-32F6-4ED1-A46A-B9176E9899F0}.Release|Any CPU.ActiveCfg = Release|Any CPU
		{EC8A79BC-32F6-4ED1-A46A-B9176E9899F0}.Release|Any CPU.Build.0 = Release|Any CPU
	EndGlobalSection
	GlobalSection(SolutionProperties) = preSolution
		HideSolutionNode = FALSE
	EndGlobalSection
	GlobalSection(ExtensibilityGlobals) = postSolution
		SolutionGuid = {BDD86B35-688C-49B3-ABA1-4E4808EB08B8}
	EndGlobalSection
EndGlobal
