
Microsoft Visual Studio Solution File, Format Version 12.00
# Visual Studio Version 17
VisualStudioVersion = 17.10.35013.160
MinimumVisualStudioVersion = 10.0.40219.1
Project("{FAE04EC0-301F-11D3-BF4B-00C04F79EFBC}") = "FileHanldingSwitchApp", "FileHanldingSwitchApp\FileHanldingSwitchApp.csproj", "{631A2582-7BBE-4F81-B9C5-063388979378}"
EndProject
Global
	GlobalSection(SolutionConfigurationPlatforms) = preSolution
		Debug|Any CPU = Debug|Any CPU
		Release|Any CPU = Release|Any CPU
	EndGlobalSection
	GlobalSection(ProjectConfigurationPlatforms) = postSolution
		{631A2582-7BBE-4F81-B9C5-063388979378}.Debug|Any CPU.ActiveCfg = Debug|Any CPU
		{631A2582-7BBE-4F81-B9C5-063388979378}.Debug|Any CPU.Build.0 = Debug|Any CPU
		{631A2582-7BBE-4F81-B9C5-063388979378}.Release|Any CPU.ActiveCfg = Release|Any CPU
		{631A2582-7BBE-4F81-B9C5-063388979378}.Release|Any CPU.Build.0 = Release|Any CPU
	EndGlobalSection
	GlobalSection(SolutionProperties) = preSolution
		HideSolutionNode = FALSE
	EndGlobalSection
	GlobalSection(ExtensibilityGlobals) = postSolution
		SolutionGuid = {C0DB626A-4884-4458-A2CE-6BBCC797723A}
	EndGlobalSection
EndGlobal
