
Microsoft Visual Studio Solution File, Format Version 12.00
# Visual Studio Version 17
VisualStudioVersion = 17.10.35013.160
MinimumVisualStudioVersion = 10.0.40219.1
Project("{FAE04EC0-301F-11D3-BF4B-00C04F79EFBC}") = "AssignmentNo3", "AssignmentNo3\AssignmentNo3.csproj", "{CC6DF844-4984-4203-8D16-5B128587AB31}"
EndProject
Global
	GlobalSection(SolutionConfigurationPlatforms) = preSolution
		Debug|Any CPU = Debug|Any CPU
		Release|Any CPU = Release|Any CPU
	EndGlobalSection
	GlobalSection(ProjectConfigurationPlatforms) = postSolution
		{CC6DF844-4984-4203-8D16-5B128587AB31}.Debug|Any CPU.ActiveCfg = Debug|Any CPU
		{CC6DF844-4984-4203-8D16-5B128587AB31}.Debug|Any CPU.Build.0 = Debug|Any CPU
		{CC6DF844-4984-4203-8D16-5B128587AB31}.Release|Any CPU.ActiveCfg = Release|Any CPU
		{CC6DF844-4984-4203-8D16-5B128587AB31}.Release|Any CPU.Build.0 = Release|Any CPU
	EndGlobalSection
	GlobalSection(SolutionProperties) = preSolution
		HideSolutionNode = FALSE
	EndGlobalSection
	GlobalSection(ExtensibilityGlobals) = postSolution
		SolutionGuid = {D38EFDAC-1115-4AC3-8B71-B2389284824B}
	EndGlobalSection
EndGlobal
