
Microsoft Visual Studio Solution File, Format Version 12.00
# Visual Studio Version 17
VisualStudioVersion = 17.10.35013.160
MinimumVisualStudioVersion = 10.0.40219.1
Project("{FAE04EC0-301F-11D3-BF4B-00C04F79EFBC}") = "Learnings", "Learnings\Learnings.csproj", "{7B33E9A1-412A-4250-B5AE-477EB2E5F1C4}"
EndProject
Global
	GlobalSection(SolutionConfigurationPlatforms) = preSolution
		Debug|Any CPU = Debug|Any CPU
		Release|Any CPU = Release|Any CPU
	EndGlobalSection
	GlobalSection(ProjectConfigurationPlatforms) = postSolution
		{7B33E9A1-412A-4250-B5AE-477EB2E5F1C4}.Debug|Any CPU.ActiveCfg = Debug|Any CPU
		{7B33E9A1-412A-4250-B5AE-477EB2E5F1C4}.Debug|Any CPU.Build.0 = Debug|Any CPU
		{7B33E9A1-412A-4250-B5AE-477EB2E5F1C4}.Release|Any CPU.ActiveCfg = Release|Any CPU
		{7B33E9A1-412A-4250-B5AE-477EB2E5F1C4}.Release|Any CPU.Build.0 = Release|Any CPU
	EndGlobalSection
	GlobalSection(SolutionProperties) = preSolution
		HideSolutionNode = FALSE
	EndGlobalSection
	GlobalSection(ExtensibilityGlobals) = postSolution
		SolutionGuid = {08CC6C5A-F7BB-4E13-ADE2-CDDE149571E6}
	EndGlobalSection
EndGlobal
