
Microsoft Visual Studio Solution File, Format Version 12.00
# Visual Studio Version 17
VisualStudioVersion = 17.10.35013.160
MinimumVisualStudioVersion = 10.0.40219.1
Project("{FAE04EC0-301F-11D3-BF4B-00C04F79EFBC}") = "Loops", "Loops\Loops.csproj", "{7D19E40F-1279-49AA-AA1C-39182B0BDBA3}"
EndProject
Global
	GlobalSection(SolutionConfigurationPlatforms) = preSolution
		Debug|Any CPU = Debug|Any CPU
		Release|Any CPU = Release|Any CPU
	EndGlobalSection
	GlobalSection(ProjectConfigurationPlatforms) = postSolution
		{7D19E40F-1279-49AA-AA1C-39182B0BDBA3}.Debug|Any CPU.ActiveCfg = Debug|Any CPU
		{7D19E40F-1279-49AA-AA1C-39182B0BDBA3}.Debug|Any CPU.Build.0 = Debug|Any CPU
		{7D19E40F-1279-49AA-AA1C-39182B0BDBA3}.Release|Any CPU.ActiveCfg = Release|Any CPU
		{7D19E40F-1279-49AA-AA1C-39182B0BDBA3}.Release|Any CPU.Build.0 = Release|Any CPU
	EndGlobalSection
	GlobalSection(SolutionProperties) = preSolution
		HideSolutionNode = FALSE
	EndGlobalSection
	GlobalSection(ExtensibilityGlobals) = postSolution
		SolutionGuid = {1DFE946D-9D28-481A-80EA-74A6BE67636E}
	EndGlobalSection
EndGlobal
