
Microsoft Visual Studio Solution File, Format Version 12.00
# Visual Studio Version 17
VisualStudioVersion = 17.10.35013.160
MinimumVisualStudioVersion = 10.0.40219.1
Project("{FAE04EC0-301F-11D3-BF4B-00C04F79EFBC}") = "FilehandlingSwitchCase", "FilehandlingSwitchCase\FilehandlingSwitchCase.csproj", "{CD8DAF94-4D05-4F07-BCC0-E2B9ACACDE54}"
EndProject
Global
	GlobalSection(SolutionConfigurationPlatforms) = preSolution
		Debug|Any CPU = Debug|Any CPU
		Release|Any CPU = Release|Any CPU
	EndGlobalSection
	GlobalSection(ProjectConfigurationPlatforms) = postSolution
		{CD8DAF94-4D05-4F07-BCC0-E2B9ACACDE54}.Debug|Any CPU.ActiveCfg = Debug|Any CPU
		{CD8DAF94-4D05-4F07-BCC0-E2B9ACACDE54}.Debug|Any CPU.Build.0 = Debug|Any CPU
		{CD8DAF94-4D05-4F07-BCC0-E2B9ACACDE54}.Release|Any CPU.ActiveCfg = Release|Any CPU
		{CD8DAF94-4D05-4F07-BCC0-E2B9ACACDE54}.Release|Any CPU.Build.0 = Release|Any CPU
	EndGlobalSection
	GlobalSection(SolutionProperties) = preSolution
		HideSolutionNode = FALSE
	EndGlobalSection
	GlobalSection(ExtensibilityGlobals) = postSolution
		SolutionGuid = {663A3E0C-A31E-486B-BACF-97D2BBC254B1}
	EndGlobalSection
EndGlobal
